
Microsoft Visual Studio Solution File, Format Version 12.00
# Visual Studio 2012
Project("{FAE04EC0-301F-11D3-BF4B-00C04F79EFBC}") = "SilverlightDynamicGeometry.2010", "..\DynamicGeometryLibrary\SilverlightDynamicGeometry.2010.csproj", "{12C65F68-BDF8-4C3C-A7C0-4366A72D887F}"
EndProject
Project("{FAE04EC0-301F-11D3-BF4B-00C04F79EFBC}") = "SilverlightClient.2010", "SilverlightClient.2010.csproj", "{403EAF86-0F48-483E-8482-DF2DD98A765B}"
EndProject
Project("{FAE04EC0-301F-11D3-BF4B-00C04F79EFBC}") = "GeometryTutorLib", "..\GeometryTutorLib\GeometryTutorLib.csproj", "{2ED63907-AF71-49B4-BDC5-470B70E17061}"
EndProject
Project("{FAE04EC0-301F-11D3-BF4B-00C04F79EFBC}") = "TestApp", "..\TestApp\TestApp.csproj", "{047B07DC-2498-4F1A-ACC5-CDD7C2DFB8AD}"
EndProject
Global
	GlobalSection(SolutionConfigurationPlatforms) = preSolution
		Debug|Any CPU = Debug|Any CPU
		Release|Any CPU = Release|Any CPU
	EndGlobalSection
	GlobalSection(ProjectConfigurationPlatforms) = postSolution
		{12C65F68-BDF8-4C3C-A7C0-4366A72D887F}.Debug|Any CPU.ActiveCfg = Debug|Any CPU
		{12C65F68-BDF8-4C3C-A7C0-4366A72D887F}.Debug|Any CPU.Build.0 = Debug|Any CPU
		{12C65F68-BDF8-4C3C-A7C0-4366A72D887F}.Release|Any CPU.ActiveCfg = Release|Any CPU
		{12C65F68-BDF8-4C3C-A7C0-4366A72D887F}.Release|Any CPU.Build.0 = Release|Any CPU
		{403EAF86-0F48-483E-8482-DF2DD98A765B}.Debug|Any CPU.ActiveCfg = Debug|Any CPU
		{403EAF86-0F48-483E-8482-DF2DD98A765B}.Debug|Any CPU.Build.0 = Debug|Any CPU
		{403EAF86-0F48-483E-8482-DF2DD98A765B}.Debug|Any CPU.Deploy.0 = Debug|Any CPU
		{403EAF86-0F48-483E-8482-DF2DD98A765B}.Release|Any CPU.ActiveCfg = Release|Any CPU
		{403EAF86-0F48-483E-8482-DF2DD98A765B}.Release|Any CPU.Build.0 = Release|Any CPU
		{403EAF86-0F48-483E-8482-DF2DD98A765B}.Release|Any CPU.Deploy.0 = Release|Any CPU
		{2ED63907-AF71-49B4-BDC5-470B70E17061}.Debug|Any CPU.ActiveCfg = Debug|Any CPU
		{2ED63907-AF71-49B4-BDC5-470B70E17061}.Debug|Any CPU.Build.0 = Debug|Any CPU
		{2ED63907-AF71-49B4-BDC5-470B70E17061}.Debug|Any CPU.Deploy.0 = Debug|Any CPU
		{2ED63907-AF71-49B4-BDC5-470B70E17061}.Release|Any CPU.ActiveCfg = Release|Any CPU
		{2ED63907-AF71-49B4-BDC5-470B70E17061}.Release|Any CPU.Build.0 = Release|Any CPU
		{047B07DC-2498-4F1A-ACC5-CDD7C2DFB8AD}.Debug|Any CPU.ActiveCfg = Debug|Any CPU
		{047B07DC-2498-4F1A-ACC5-CDD7C2DFB8AD}.Debug|Any CPU.Build.0 = Debug|Any CPU
		{047B07DC-2498-4F1A-ACC5-CDD7C2DFB8AD}.Release|Any CPU.ActiveCfg = Release|Any CPU
		{047B07DC-2498-4F1A-ACC5-CDD7C2DFB8AD}.Release|Any CPU.Build.0 = Release|Any CPU
	EndGlobalSection
	GlobalSection(SolutionProperties) = preSolution
		HideSolutionNode = FALSE
	EndGlobalSection
EndGlobal
